Microsoft Visual Studio Solution File, Format Version 11.00
# Visual Studio 2010
Project("{1B19158F-E398-40A6-8E3B-350508E125F1}") = "PhoneJSApp", "PhoneJSApp\PhoneJSApp.dxjsproj", "{627EF0E0-2735-4FBE-A49A-0476C52136E1}"
EndProject
Global
	GlobalSection(SolutionConfigurationPlatforms) = preSolution
		Debug|Any CPU = Debug|Any CPU
		Release|Any CPU = Release|Any CPU
	EndGlobalSection
	GlobalSection(ProjectConfigurationPlatforms) = postSolution
		{627EF0E0-2735-4FBE-A49A-0476C52136E1}.Debug|Any CPU.ActiveCfg = Debug|Any CPU
		{627EF0E0-2735-4FBE-A49A-0476C52136E1}.Debug|Any CPU.Build.0 = Debug|Any CPU
		{627EF0E0-2735-4FBE-A49A-0476C52136E1}.Release|Any CPU.ActiveCfg = Release|Any CPU
		{627EF0E0-2735-4FBE-A49A-0476C52136E1}.Release|Any CPU.Build.0 = Release|Any CPU
	EndGlobalSection
	GlobalSection(SolutionProperties) = preSolution
		HideSolutionNode = FALSE
	EndGlobalSection
EndGlobal
